
Microsoft Visual Studio Solution File, Format Version 12.00
# Visual Studio Version 17
VisualStudioVersion = 17.10.35027.167
MinimumVisualStudioVersion = 10.0.40219.1
Project("{FAE04EC0-301F-11D3-BF4B-00C04F79EFBC}") = "P01_SalesDatabase", "P01_SalesDatabase\P01_SalesDatabase.csproj", "{401B73AE-44D9-431B-8281-3A8C56724F7C}"
EndProject
Global
	GlobalSection(SolutionConfigurationPlatforms) = preSolution
		Debug|Any CPU = Debug|Any CPU
		Release|Any CPU = Release|Any CPU
	EndGlobalSection
	GlobalSection(ProjectConfigurationPlatforms) = postSolution
		{401B73AE-44D9-431B-8281-3A8C56724F7C}.Debug|Any CPU.ActiveCfg = Debug|Any CPU
		{401B73AE-44D9-431B-8281-3A8C56724F7C}.Debug|Any CPU.Build.0 = Debug|Any CPU
		{401B73AE-44D9-431B-8281-3A8C56724F7C}.Release|Any CPU.ActiveCfg = Release|Any CPU
		{401B73AE-44D9-431B-8281-3A8C56724F7C}.Release|Any CPU.Build.0 = Release|Any CPU
	EndGlobalSection
	GlobalSection(SolutionProperties) = preSolution
		HideSolutionNode = FALSE
	EndGlobalSection
	GlobalSection(ExtensibilityGlobals) = postSolution
		SolutionGuid = {EFAEFD49-F436-4612-A45C-174B0113DD80}
	EndGlobalSection
EndGlobal
